
Microsoft Visual Studio Solution File, Format Version 12.00
# Visual Studio Version 16
VisualStudioVersion = 16.0.29418.71
MinimumVisualStudioVersion = 10.0.40219.1
Project("{9A19103F-16F7-4668-BE54-9A1E7A4F7556}") = "Epinova.PostnordShipping", "src\Epinova.PostnordShipping.csproj", "{C2E495D9-37EE-4F42-9DF9-694EB0C48BFF}"
EndProject
Project("{9A19103F-16F7-4668-BE54-9A1E7A4F7556}") = "Epinova.PostnordShippingTests", "tests\Epinova.PostnordShippingTests.csproj", "{D6314AD8-22B0-47DD-9850-FD03C7562C67}"
EndProject
Project("{2150E333-8FDC-42A3-9474-1A3956D46DE8}") = "assets", "assets", "{421D77DA-E89B-4681-A377-1EB8BF5E3D81}"
	ProjectSection(SolutionItems) = preProject
		.editorconfig = .editorconfig
		.gitignore = .gitignore
		appveyor.yml = appveyor.yml
		LICENSE = LICENSE
		nuget.config = nuget.config
		README.md = README.md
	EndProjectSection
EndProject
Global
	GlobalSection(SolutionConfigurationPlatforms) = preSolution
		Debug|Any CPU = Debug|Any CPU
		Release|Any CPU = Release|Any CPU
	EndGlobalSection
	GlobalSection(ProjectConfigurationPlatforms) = postSolution
		{C2E495D9-37EE-4F42-9DF9-694EB0C48BFF}.Debug|Any CPU.ActiveCfg = Debug|Any CPU
		{C2E495D9-37EE-4F42-9DF9-694EB0C48BFF}.Debug|Any CPU.Build.0 = Debug|Any CPU
		{C2E495D9-37EE-4F42-9DF9-694EB0C48BFF}.Release|Any CPU.ActiveCfg = Release|Any CPU
		{C2E495D9-37EE-4F42-9DF9-694EB0C48BFF}.Release|Any CPU.Build.0 = Release|Any CPU
		{D6314AD8-22B0-47DD-9850-FD03C7562C67}.Debug|Any CPU.ActiveCfg = Debug|Any CPU
		{D6314AD8-22B0-47DD-9850-FD03C7562C67}.Debug|Any CPU.Build.0 = Debug|Any CPU
		{D6314AD8-22B0-47DD-9850-FD03C7562C67}.Release|Any CPU.ActiveCfg = Release|Any CPU
		{D6314AD8-22B0-47DD-9850-FD03C7562C67}.Release|Any CPU.Build.0 = Release|Any CPU
	EndGlobalSection
	GlobalSection(SolutionProperties) = preSolution
		HideSolutionNode = FALSE
	EndGlobalSection
	GlobalSection(ExtensibilityGlobals) = postSolution
		SolutionGuid = {657049D8-93AC-46FE-AEBF-6CAE46AE043F}
	EndGlobalSection
EndGlobal
